
Microsoft Visual Studio Solution File, Format Version 12.00
# Visual Studio Version 17
VisualStudioVersion = 17.14.36221.1
MinimumVisualStudioVersion = 10.0.40219.1
Project("{FAE04EC0-301F-11D3-BF4B-00C04F79EFBC}") = "ExternalProgram", "ExternalProgram.csproj", "{5D125CEE-0277-4899-AF83-0D064A191686}"
EndProject
Project("{FAE04EC0-301F-11D3-BF4B-00C04F79EFBC}") = "ExternalProgram.SwAddin", "ExternalProgram.SwAddin\ExternalProgram.SwAddin.csproj", "{DA9247D5-F555-4BB4-A35D-F29DDBE490BA}"
EndProject
Project("{FAE04EC0-301F-11D3-BF4B-00C04F79EFBC}") = "ExternalProgram.SwAddin.Runtime", "ExternalProgram.SwAddin.Runtime\ExternalProgram.SwAddin.Runtime.csproj", "{599AEAAD-863E-4515-A166-995A06886681}"
EndProject
Project("{FAE04EC0-301F-11D3-BF4B-00C04F79EFBC}") = "ReadBom", "ReadBom\ReadBom.csproj", "{1A58AE1B-E743-4339-971A-2D789EB01F8D}"
EndProject
Global
	GlobalSection(SolutionConfigurationPlatforms) = preSolution
		Debug|Any CPU = Debug|Any CPU
		Debug|x64 = Debug|x64
		Debug|x86 = Debug|x86
		Release|Any CPU = Release|Any CPU
		Release|x64 = Release|x64
		Release|x86 = Release|x86
	EndGlobalSection
	GlobalSection(ProjectConfigurationPlatforms) = postSolution
		{5D125CEE-0277-4899-AF83-0D064A191686}.Debug|Any CPU.ActiveCfg = Debug|Any CPU
		{5D125CEE-0277-4899-AF83-0D064A191686}.Debug|Any CPU.Build.0 = Debug|Any CPU
		{5D125CEE-0277-4899-AF83-0D064A191686}.Debug|x64.ActiveCfg = Debug|Any CPU
		{5D125CEE-0277-4899-AF83-0D064A191686}.Debug|x64.Build.0 = Debug|Any CPU
		{5D125CEE-0277-4899-AF83-0D064A191686}.Debug|x86.ActiveCfg = Debug|Any CPU
		{5D125CEE-0277-4899-AF83-0D064A191686}.Debug|x86.Build.0 = Debug|Any CPU
		{5D125CEE-0277-4899-AF83-0D064A191686}.Release|Any CPU.ActiveCfg = Release|Any CPU
		{5D125CEE-0277-4899-AF83-0D064A191686}.Release|Any CPU.Build.0 = Release|Any CPU
		{5D125CEE-0277-4899-AF83-0D064A191686}.Release|x64.ActiveCfg = Release|Any CPU
		{5D125CEE-0277-4899-AF83-0D064A191686}.Release|x64.Build.0 = Release|Any CPU
		{5D125CEE-0277-4899-AF83-0D064A191686}.Release|x86.ActiveCfg = Release|Any CPU
		{5D125CEE-0277-4899-AF83-0D064A191686}.Release|x86.Build.0 = Release|Any CPU
		{DA9247D5-F555-4BB4-A35D-F29DDBE490BA}.Debug|Any CPU.ActiveCfg = Debug|Any CPU
		{DA9247D5-F555-4BB4-A35D-F29DDBE490BA}.Debug|Any CPU.Build.0 = Debug|Any CPU
		{DA9247D5-F555-4BB4-A35D-F29DDBE490BA}.Debug|x64.ActiveCfg = Debug|Any CPU
		{DA9247D5-F555-4BB4-A35D-F29DDBE490BA}.Debug|x64.Build.0 = Debug|Any CPU
		{DA9247D5-F555-4BB4-A35D-F29DDBE490BA}.Debug|x86.ActiveCfg = Debug|Any CPU
		{DA9247D5-F555-4BB4-A35D-F29DDBE490BA}.Debug|x86.Build.0 = Debug|Any CPU
		{DA9247D5-F555-4BB4-A35D-F29DDBE490BA}.Release|Any CPU.ActiveCfg = Release|Any CPU
		{DA9247D5-F555-4BB4-A35D-F29DDBE490BA}.Release|Any CPU.Build.0 = Release|Any CPU
		{DA9247D5-F555-4BB4-A35D-F29DDBE490BA}.Release|x64.ActiveCfg = Release|Any CPU
		{DA9247D5-F555-4BB4-A35D-F29DDBE490BA}.Release|x64.Build.0 = Release|Any CPU
		{DA9247D5-F555-4BB4-A35D-F29DDBE490BA}.Release|x86.ActiveCfg = Release|Any CPU
		{DA9247D5-F555-4BB4-A35D-F29DDBE490BA}.Release|x86.Build.0 = Release|Any CPU
		{599AEAAD-863E-4515-A166-995A06886681}.Debug|Any CPU.ActiveCfg = Debug|Any CPU
		{599AEAAD-863E-4515-A166-995A06886681}.Debug|Any CPU.Build.0 = Debug|Any CPU
		{599AEAAD-863E-4515-A166-995A06886681}.Debug|x64.ActiveCfg = Debug|Any CPU
		{599AEAAD-863E-4515-A166-995A06886681}.Debug|x64.Build.0 = Debug|Any CPU
		{599AEAAD-863E-4515-A166-995A06886681}.Debug|x86.ActiveCfg = Debug|Any CPU
		{599AEAAD-863E-4515-A166-995A06886681}.Debug|x86.Build.0 = Debug|Any CPU
		{599AEAAD-863E-4515-A166-995A06886681}.Release|Any CPU.ActiveCfg = Release|Any CPU
		{599AEAAD-863E-4515-A166-995A06886681}.Release|Any CPU.Build.0 = Release|Any CPU
		{599AEAAD-863E-4515-A166-995A06886681}.Release|x64.ActiveCfg = Release|Any CPU
		{599AEAAD-863E-4515-A166-995A06886681}.Release|x64.Build.0 = Release|Any CPU
		{599AEAAD-863E-4515-A166-995A06886681}.Release|x86.ActiveCfg = Release|Any CPU
		{599AEAAD-863E-4515-A166-995A06886681}.Release|x86.Build.0 = Release|Any CPU
		{1A58AE1B-E743-4339-971A-2D789EB01F8D}.Debug|Any CPU.ActiveCfg = Debug|Any CPU
		{1A58AE1B-E743-4339-971A-2D789EB01F8D}.Debug|Any CPU.Build.0 = Debug|Any CPU
		{1A58AE1B-E743-4339-971A-2D789EB01F8D}.Debug|x64.ActiveCfg = Debug|Any CPU
		{1A58AE1B-E743-4339-971A-2D789EB01F8D}.Debug|x64.Build.0 = Debug|Any CPU
		{1A58AE1B-E743-4339-971A-2D789EB01F8D}.Debug|x86.ActiveCfg = Debug|Any CPU
		{1A58AE1B-E743-4339-971A-2D789EB01F8D}.Debug|x86.Build.0 = Debug|Any CPU
		{1A58AE1B-E743-4339-971A-2D789EB01F8D}.Release|Any CPU.ActiveCfg = Release|Any CPU
		{1A58AE1B-E743-4339-971A-2D789EB01F8D}.Release|Any CPU.Build.0 = Release|Any CPU
		{1A58AE1B-E743-4339-971A-2D789EB01F8D}.Release|x64.ActiveCfg = Release|Any CPU
		{1A58AE1B-E743-4339-971A-2D789EB01F8D}.Release|x64.Build.0 = Release|Any CPU
		{1A58AE1B-E743-4339-971A-2D789EB01F8D}.Release|x86.ActiveCfg = Release|Any CPU
		{1A58AE1B-E743-4339-971A-2D789EB01F8D}.Release|x86.Build.0 = Release|Any CPU
	EndGlobalSection
	GlobalSection(SolutionProperties) = preSolution
		HideSolutionNode = FALSE
	EndGlobalSection
	GlobalSection(ExtensibilityGlobals) = postSolution
		SolutionGuid = {075EE83D-EE36-4135-BFE0-A2CBAE08C58E}
	EndGlobalSection
EndGlobal
